// !$*UTF8*$!
{
	archiveVersion = 1;
	classes = {
	};
	objectVersion = 50;
	objects = {

/* Begin PBXBuildFile section */
		BAFBE14926BAF11E00D78560 /* AppDelegate.swift in Sources */ = {isa = PBXBuildFile; fileRef = BAFBE14826BAF11E00D78560 /* AppDelegate.swift */; };
		BAFBE14B26BAF11E00D78560 /* SceneDelegate.swift in Sources */ = {isa = PBXBuildFile; fileRef = BAFBE14A26BAF11E00D78560 /* SceneDelegate.swift */; };
		BAFBE14D26BAF11E00D78560 /* ViewController.swift in Sources */ = {isa = PBXBuildFile; fileRef = BAFBE14C26BAF11E00D78560 /* ViewController.swift */; };
		BAFBE15026BAF11E00D78560 /* Main.storyboard in Resources */ = {isa = PBXBuildFile; fileRef = BAFBE14E26BAF11E00D78560 /* Main.storyboard */; };
		BAFBE15326BAF11E00D78560 /* GroceryList.xcdatamodeld in Sources */ = {isa = PBXBuildFile; fileRef = BAFBE15126BAF11E00D78560 /* GroceryList.xcdatamodeld */; };
		BAFBE15526BAF12200D78560 /* Assets.xcassets in Resources */ = {isa = PBXBuildFile; fileRef = BAFBE15426BAF12200D78560 /* Assets.xcassets */; };
		BAFBE15826BAF12200D78560 /* LaunchScreen.storyboard in Resources */ = {isa = PBXBuildFile; fileRef = BAFBE15626BAF12200D78560 /* LaunchScreen.storyboard */; };
/* End PBXBuildFile section */

/* Begin PBXFileReference section */
		BAFBE14526BAF11E00D78560 /* GroceryList.app */ = {isa = PBXFileReference; explicitFileType = wrapper.application; includeInIndex = 0; path = GroceryList.app; sourceTree = BUILT_PRODUCTS_DIR; };
		BAFBE14826BAF11E00D78560 /* AppDelegate.swift */ = {isa = PBXFileReference; lastKnownFileType = sourcecode.swift; path = AppDelegate.swift; sourceTree = "<group>"; };
		BAFBE14A26BAF11E00D78560 /* SceneDelegate.swift */ = {isa = PBXFileReference; lastKnownFileType = sourcecode.swift; path = SceneDelegate.swift; sourceTree = "<group>"; };
		BAFBE14C26BAF11E00D78560 /* ViewController.swift */ = {isa = PBXFileReference; lastKnownFileType = sourcecode.swift; path = ViewController.swift; sourceTree = "<group>"; };
		BAFBE14F26BAF11E00D78560 /* Base */ = {isa = PBXFileReference; lastKnownFileType = file.storyboard; name = Base; path = Base.lproj/Main.storyboard; sourceTree = "<group>"; };
		BAFBE15226BAF11E00D78560 /* GroceryList.xcdatamodel */ = {isa = PBXFileReference; lastKnownFileType = wrapper.xcdatamodel; path = GroceryList.xcdatamodel; sourceTree = "<group>"; };
		BAFBE15426BAF12200D78560 /* Assets.xcassets */ = {isa = PBXFileReference; lastKnownFileType = folder.assetcatalog; path = Assets.xcassets; sourceTree = "<group>"; };
		BAFBE15726BAF12200D78560 /* Base */ = {isa = PBXFileReference; lastKnownFileType = file.storyboard; name = Base; path = Base.lproj/LaunchScreen.storyboard; sourceTree = "<group>"; };
		BAFBE15926BAF12200D78560 /* Info.plist */ = {isa = PBXFileReference; lastKnownFileType = text.plist.xml; path = Info.plist; sourceTree = "<group>"; };
/* End PBXFileReference section */

/* Begin PBXFrameworksBuildPhase section */
		BAFBE14226BAF11E00D78560 /* Frameworks */ = {
			isa = PBXFrameworksBuildPhase;
			buildActionMask = 2147483647;
			files = (
			);
			runOnlyForDeploymentPostprocessing = 0;
		};
/* End PBXFrameworksBuildPhase section */

/* Begin PBXGroup section */
		BAFBE13C26BAF11E00D78560 = {
			isa = PBXGroup;
			children = (
				BAFBE14726BAF11E00D78560 /* GroceryList */,
				BAFBE14626BAF11E00D78560 /* Products */,
			);
			sourceTree = "<group>";
		};
		BAFBE14626BAF11E00D78560 /* Products */ = {
			isa = PBXGroup;
			children = (
				BAFBE14526BAF11E00D78560 /* GroceryList.app */,
			);
			name = Products;
			sourceTree = "<group>";
		};
		BAFBE14726BAF11E00D78560 /* GroceryList */ = {
			isa = PBXGroup;
			children = (
				BAFBE14826BAF11E00D78560 /* AppDelegate.swift */,
				BAFBE14A26BAF11E00D78560 /* SceneDelegate.swift */,
				BAFBE14C26BAF11E00D78560 /* ViewController.swift */,
				BAFBE14E26BAF11E00D78560 /* Main.storyboard */,
				BAFBE15426BAF12200D78560 /* Assets.xcassets */,
				BAFBE15626BAF12200D78560 /* LaunchScreen.storyboard */,
				BAFBE15926BAF12200D78560 /* Info.plist */,
				BAFBE15126BAF11E00D78560 /* GroceryList.xcdatamodeld */,
			);
			path = GroceryList;
			sourceTree = "<group>";
		};
/* End PBXGroup section */

/* Begin PBXNativeTarget section */
		BAFBE14426BAF11E00D78560 /* GroceryList */ = {
			isa = PBXNativeTarget;
			buildConfigurationList = BAFBE15C26BAF12200D78560 /* Build configuration list for PBXNativeTarget "GroceryList" */;
			buildPhases = (
				BAFBE14126BAF11E00D78560 /* Sources */,
				BAFBE14226BAF11E00D78560 /* Frameworks */,
				BAFBE14326BAF11E00D78560 /* Resources */,
			);
			buildRules = (
			);
			dependencies = (
			);
			name = GroceryList;
			productName = GroceryList;
			productReference = BAFBE14526BAF11E00D78560 /* GroceryList.app */;
			productType = "com.apple.product-type.application";
		};
/* End PBXNativeTarget section */

/* Begin PBXProject section */
		BAFBE13D26BAF11E00D78560 /* Project object */ = {
			isa = PBXProject;
			attributes = {
				LastSwiftUpdateCheck = 1250;
				LastUpgradeCheck = 1250;
				TargetAttributes = {
					BAFBE14426BAF11E00D78560 = {
						CreatedOnToolsVersion = 12.5.1;
					};
				};
			};
			buildConfigurationList = BAFBE14026BAF11E00D78560 /* Build configuration list for PBXProject "GroceryList" */;
			compatibilityVersion = "Xcode 9.3";
			developmentRegion = en;
			hasScannedForEncodings = 0;
			knownRegions = (
				en,
				Base,
			);
			mainGroup = BAFBE13C26BAF11E00D78560;
			productRefGroup = BAFBE14626BAF11E00D78560 /* Products */;
			projectDirPath = "";
			projectRoot = "";
			targets = (
				BAFBE14426BAF11E00D78560 /* GroceryList */,
			);
		};
/* End PBXProject section */

/* Begin PBXResourcesBuildPhase section */
		BAFBE14326BAF11E00D78560 /* Resources */ = {
			isa = PBXResourcesBuildPhase;
			buildActionMask = 2147483647;
			files = (
				BAFBE15826BAF12200D78560 /* LaunchScreen.storyboard in Resources */,
				BAFBE15526BAF12200D78560 /* Assets.xcassets in Resources */,
				BAFBE15026BAF11E00D78560 /* Main.storyboard in Resources */,
			);
			runOnlyForDeploymentPostprocessing = 0;
		};
/* End PBXResourcesBuildPhase section */

/* Begin PBXSourcesBuildPhase section */
		BAFBE14126BAF11E00D78560 /* Sources */ = {
			isa = PBXSourcesBuildPhase;
			buildActionMask = 2147483647;
			files = (
				BAFBE14D26BAF11E00D78560 /* ViewController.swift in Sources */,
				BAFBE14926BAF11E00D78560 /* AppDelegate.swift in Sources */,
				BAFBE14B26BAF11E00D78560 /* SceneDelegate.swift in Sources */,
				BAFBE15326BAF11E00D78560 /* GroceryList.xcdatamodeld in Sources */,
			);
			runOnlyForDeploymentPostprocessing = 0;
		};
/* End PBXSourcesBuildPhase section */

/* Begin PBXVariantGroup section */
		BAFBE14E26BAF11E00D78560 /* Main.storyboard */ = {
			isa = PBXVariantGroup;
			children = (
				BAFBE14F26BAF11E00D78560 /* Base */,
			);
			name = Main.storyboard;
			sourceTree = "<group>";
		};
		BAFBE15626BAF12200D78560 /* LaunchScreen.storyboard */ = {
			isa = PBXVariantGroup;
			children = (
				BAFBE15726BAF12200D78560 /* Base */,
			);
			name = LaunchScreen.storyboard;
			sourceTree = "<group>";
		};
/* End PBXVariantGroup section */

/* Begin XCBuildConfiguration section */
		BAFBE15A26BAF12200D78560 /* Debug */ = {
			isa = XCBuildConfiguration;
			buildSettings = {
				ALWAYS_SEARCH_USER_PATHS = NO;
				CLANG_ANALYZER_NONNULL = YES;
				CLANG_ANALYZER_NUMBER_OBJECT_CONVERSION = YES_AGGRESSIVE;
				CLANG_CXX_LANGUAGE_STANDARD = "gnu++14";
				CLANG_CXX_LIBRARY = "libc++";
				CLANG_ENABLE_MODULES = YES;
				CLANG_ENABLE_OBJC_ARC = YES;
				CLANG_ENABLE_OBJC_WEAK = YES;
				CLANG_WARN_BLOCK_CAPTURE_AUTORELEASING = YES;
				CLANG_WARN_BOOL_CONVERSION = YES;
				CLANG_WARN_COMMA = YES;
				CLANG_WARN_CONSTANT_CONVERSION = YES;
				CLANG_WARN_DEPRECATED_OBJC_IMPLEMENTATIONS = YES;
				CLANG_WARN_DIRECT_OBJC_ISA_USAGE = YES_ERROR;
				CLANG_WARN_DOCUMENTATION_COMMENTS = YES;
				CLANG_WARN_EMPTY_BODY = YES;
				CLANG_WARN_ENUM_CONVERSION = YES;
				CLANG_WARN_INFINITE_RECURSION = YES;
				CLANG_WARN_INT_CONVERSION = YES;
				CLANG_WARN_NON_LITERAL_NULL_CONVERSION = YES;
				CLANG_WARN_OBJC_IMPLICIT_RETAIN_SELF = YES;
				CLANG_WARN_OBJC_LITERAL_CONVERSION = YES;
				CLANG_WARN_OBJC_ROOT_CLASS = YES_ERROR;
				CLANG_WARN_QUOTED_INCLUDE_IN_FRAMEWORK_HEADER = YES;
				CLANG_WARN_RANGE_LOOP_ANALYSIS = YES;
				CLANG_WARN_STRICT_PROTOTYPES = YES;
				CLANG_WARN_SUSPICIOUS_MOVE = YES;
				CLANG_WARN_UNGUARDED_AVAILABILITY = YES_AGGRESSIVE;
				CLANG_WARN_UNREACHABLE_CODE = YES;
				CLANG_WARN__DUPLICATE_METHOD_MATCH = YES;
				COPY_PHASE_STRIP = NO;
				DEBUG_INFORMATION_FORMAT = dwarf;
				ENABLE_STRICT_OBJC_MSGSEND = YES;
				ENABLE_TESTABILITY = YES;
				GCC_C_LANGUAGE_STANDARD = gnu11;
				GCC_DYNAMIC_NO_PIC = NO;
				GCC_NO_COMMON_BLOCKS = YES;
				GCC_OPTIMIZATION_LEVEL = 0;
				GCC_PREPROCESSOR_DEFINITIONS = (
					"DEBUG=1",
					"$(inherited)",
				);
				GCC_WARN_64_TO_32_BIT_CONVERSION = YES;
				GCC_WARN_ABOUT_RETURN_TYPE = YES_ERROR;
				GCC_WARN_UNDECLARED_SELECTOR = YES;
				GCC_WARN_UNINITIALIZED_AUTOS = YES_AGGRESSIVE;
				GCC_WARN_UNUSED_FUNCTION = YES;
				GCC_WARN_UNUSED_VARIABLE = YES;
				IPHONEOS_DEPLOYMENT_TARGET = 14.5;
				MTL_ENABLE_DEBUG_INFO = INCLUDE_SOURCE;
				MTL_FAST_MATH = YES;
				ONLY_ACTIVE_ARCH = YES;
				SDKROOT = iphoneos;
				SWIFT_ACTIVE_COMPILATION_CONDITIONS = DEBUG;
				SWIFT_OPTIMIZATION_LEVEL = "-Onone";
			};
			name = Debug;
		};
		BAFBE15B26BAF12200D78560 /* Release */ = {
			isa = XCBuildConfiguration;
			buildSettings = {
				ALWAYS_SEARCH_USER_PATHS = NO;
				CLANG_ANALYZER_NONNULL = YES;
				CLANG_ANALYZER_NUMBER_OBJECT_CONVERSION = YES_AGGRESSIVE;
				CLANG_CXX_LANGUAGE_STANDARD = "gnu++14";
				CLANG_CXX_LIBRARY = "libc++";
				CLANG_ENABLE_MODULES = YES;
				CLANG_ENABLE_OBJC_ARC = YES;
				CLANG_ENABLE_OBJC_WEAK = YES;
				CLANG_WARN_BLOCK_CAPTURE_AUTORELEASING = YES;
				CLANG_WARN_BOOL_CONVERSION = YES;
				CLANG_WARN_COMMA = YES;
				CLANG_WARN_CONSTANT_CONVERSION = YES;
				CLANG_WARN_DEPRECATED_OBJC_IMPLEMENTATIONS = YES;
				CLANG_WARN_DIRECT_OBJC_ISA_USAGE = YES_ERROR;
				CLANG_WARN_DOCUMENTATION_COMMENTS = YES;
				CLANG_WARN_EMPTY_BODY = YES;
				CLANG_WARN_ENUM_CONVERSION = YES;
				CLANG_WARN_INFINITE_RECURSION = YES;
				CLANG_WARN_INT_CONVERSION = YES;
				CLANG_WARN_NON_LITERAL_NULL_CONVERSION = YES;
				CLANG_WARN_OBJC_IMPLICIT_RETAIN_SELF = YES;
				CLANG_WARN_OBJC_LITERAL_CONVERSION = YES;
				CLANG_WARN_OBJC_ROOT_CLASS = YES_ERROR;
				CLANG_WARN_QUOTED_INCLUDE_IN_FRAMEWORK_HEADER = YES;
				CLANG_WARN_RANGE_LOOP_ANALYSIS = YES;
				CLANG_WARN_STRICT_PROTOTYPES = YES;
				CLANG_WARN_SUSPICIOUS_MOVE = YES;
				CLANG_WARN_UNGUARDED_AVAILABILITY = YES_AGGRESSIVE;
				CLANG_WARN_UNREACHABLE_CODE = YES;
				CLANG_WARN__DUPLICATE_METHOD_MATCH = YES;
				COPY_PHASE_STRIP = NO;
				DEBUG_INFORMATION_FORMAT = "dwarf-with-dsym";
				ENABLE_NS_ASSERTIONS = NO;
				ENABLE_STRICT_OBJC_MSGSEND = YES;
				GCC_C_LANGUAGE_STANDARD = gnu11;
				GCC_NO_COMMON_BLOCKS = YES;
				GCC_WARN_64_TO_32_BIT_CONVERSION = YES;
				GCC_WARN_ABOUT_RETURN_TYPE = YES_ERROR;
				GCC_WARN_UNDECLARED_SELECTOR = YES;
				GCC_WARN_UNINITIALIZED_AUTOS = YES_AGGRESSIVE;
				GCC_WARN_UNUSED_FUNCTION = YES;
				GCC_WARN_UNUSED_VARIABLE = YES;
				IPHONEOS_DEPLOYMENT_TARGET = 14.5;
				MTL_ENABLE_DEBUG_INFO = NO;
				MTL_FAST_MATH = YES;
				SDKROOT = iphoneos;
				SWIFT_COMPILATION_MODE = wholemodule;
				SWIFT_OPTIMIZATION_LEVEL = "-O";
				VALIDATE_PRODUCT = YES;
			};
			name = Release;
		};
		BAFBE15D26BAF12200D78560 /* Debug */ = {
			isa = XCBuildConfiguration;
			buildSettings = {
				ASSETCATALOG_COMPILER_APPICON_NAME = AppIcon;
				ASSETCATALOG_COMPILER_GLOBAL_ACCENT_COLOR_NAME = AccentColor;
				CODE_SIGN_STYLE = Automatic;
				DEVELOPMENT_TEAM = NJY4X7G9MR;
				INFOPLIST_FILE = GroceryList/Info.plist;
				LD_RUNPATH_SEARCH_PATHS = (
					"$(inherited)",
					"@executable_path/Frameworks",
				);
				PRODUCT_BUNDLE_IDENTIFIER = com.linda.zande.GroceryList;
				PRODUCT_NAME = "$(TARGET_NAME)";
				SWIFT_VERSION = 5.0;
				TARGETED_DEVICE_FAMILY = "1,2";
			};
			name = Debug;
		};
		BAFBE15E26BAF12200D78560 /* Release */ = {
			isa = XCBuildConfiguration;
			buildSettings = {
				ASSETCATALOG_COMPILER_APPICON_NAME = AppIcon;
				ASSETCATALOG_COMPILER_GLOBAL_ACCENT_COLOR_NAME = AccentColor;
				CODE_SIGN_STYLE = Automatic;
				DEVELOPMENT_TEAM = NJY4X7G9MR;
				INFOPLIST_FILE = GroceryList/Info.plist;
				LD_RUNPATH_SEARCH_PATHS = (
					"$(inherited)",
					"@executable_path/Frameworks",
				);
				PRODUCT_BUNDLE_IDENTIFIER = com.linda.zande.GroceryList;
				PRODUCT_NAME = "$(TARGET_NAME)";
				SWIFT_VERSION = 5.0;
				TARGETED_DEVICE_FAMILY = "1,2";
			};
			name = Release;
		};
/* End XCBuildConfiguration section */

/* Begin XCConfigurationList section */
		BAFBE14026BAF11E00D78560 /* Build configuration list for PBXProject "GroceryList" */ = {
			isa = XCConfigurationList;
			buildConfigurations = (
				BAFBE15A26BAF12200D78560 /* Debug */,
				BAFBE15B26BAF12200D78560 /* Release */,
			);
			defaultConfigurationIsVisible = 0;
			defaultConfigurationName = Release;
		};
		BAFBE15C26BAF12200D78560 /* Build configuration list for PBXNativeTarget "GroceryList" */ = {
			isa = XCConfigurationList;
			buildConfigurations = (
				BAFBE15D26BAF12200D78560 /* Debug */,
				BAFBE15E26BAF12200D78560 /* Release */,
			);
			defaultConfigurationIsVisible = 0;
			defaultConfigurationName = Release;
		};
/* End XCConfigurationList section */

/* Begin XCVersionGroup section */
		BAFBE15126BAF11E00D78560 /* GroceryList.xcdatamodeld */ = {
			isa = XCVersionGroup;
			children = (
				BAFBE15226BAF11E00D78560 /* GroceryList.xcdatamodel */,
			);
			currentVersion = BAFBE15226BAF11E00D78560 /* GroceryList.xcdatamodel */;
			path = GroceryList.xcdatamodeld;
			sourceTree = "<group>";
			versionGroupType = wrapper.xcdatamodel;
		};
/* End XCVersionGroup section */
	};
	rootObject = BAFBE13D26BAF11E00D78560 /* Project object */;
}
